// !$*UTF8*$!
{
	archiveVersion = 1;
	classes = {
	};
	objectVersion = 77;
	objects = {

/* Begin PBXContainerItemProxy section */
		6FEA4CFA2FC97751008E9064 /* PBXContainerItemProxy */ = {
			isa = PBXContainerItemProxy;
			containerPortal = 6FEA4CE12FC97750008E9064 /* Project object */;
			proxyType = 1;
			remoteGlobalIDString = 6FEA4CE82FC97750008E9064;
			remoteInfo = "MD-Editor";
		};
		6FEA4D042FC97751008E9064 /* PBXContainerItemProxy */ = {
			isa = PBXContainerItemProxy;
			containerPortal = 6FEA4CE12FC97750008E9064 /* Project object */;
			proxyType = 1;
			remoteGlobalIDString = 6FEA4CE82FC97750008E9064;
			remoteInfo = "MD-Editor";
		};
/* End PBXContainerItemProxy section */

/* Begin PBXFileReference section */
		6FEA4CE92FC97750008E9064 /* MD-Editor.app */ = {isa = PBXFileReference; explicitFileType = wrapper.application; includeInIndex = 0; path = "MD-Editor.app"; sourceTree = BUILT_PRODUCTS_DIR; };
		6FEA4CF92FC97751008E9064 /* MD-EditorTests.xctest */ = {isa = PBXFileReference; explicitFileType = wrapper.cfbundle; includeInIndex = 0; path = "MD-EditorTests.xctest"; sourceTree = BUILT_PRODUCTS_DIR; };
		6FEA4D032FC97751008E9064 /* MD-EditorUITests.xctest */ = {isa = PBXFileReference; explicitFileType = wrapper.cfbundle; includeInIndex = 0; path = "MD-EditorUITests.xctest"; sourceTree = BUILT_PRODUCTS_DIR; };
/* End PBXFileReference section */

/* Begin PBXFileSystemSynchronizedBuildFileExceptionSet section */
		6FEA4D0B2FC97751008E9064 /* Exceptions for "MD-Editor" folder in "MD-Editor" target */ = {
			isa = PBXFileSystemSynchronizedBuildFileExceptionSet;
			membershipExceptions = (
				Info.plist,
			);
			target = 6FEA4CE82FC97750008E9064 /* MD-Editor */;
		};
/* End PBXFileSystemSynchronizedBuildFileExceptionSet section */

/* Begin PBXFileSystemSynchronizedRootGroup section */
		6FEA4CEB2FC97750008E9064 /* MD-Editor */ = {
			isa = PBXFileSystemSynchronizedRootGroup;
			exceptions = (
				6FEA4D0B2FC97751008E9064 /* Exceptions for "MD-Editor" folder in "MD-Editor" target */,
			);
			path = "MD-Editor";
			sourceTree = "<group>";
		};
		6FEA4CFC2FC97751008E9064 /* MD-EditorTests */ = {
			isa = PBXFileSystemSynchronizedRootGroup;
			path = "MD-EditorTests";
			sourceTree = "<group>";
		};
		6FEA4D062FC97751008E9064 /* MD-EditorUITests */ = {
			isa = PBXFileSystemSynchronizedRootGroup;
			path = "MD-EditorUITests";
			sourceTree = "<group>";
		};
/* End PBXFileSystemSynchronizedRootGroup section */

/* Begin PBXFrameworksBuildPhase section */
		6FEA4CE62FC97750008E9064 /* Frameworks */ = {
			isa = PBXFrameworksBuildPhase;
			buildActionMask = 2147483647;
			files = (
			);
			runOnlyForDeploymentPostprocessing = 0;
		};
		6FEA4CF62FC97751008E9064 /* Frameworks */ = {
			isa = PBXFrameworksBuildPhase;
			buildActionMask = 2147483647;
			files = (
			);
			runOnlyForDeploymentPostprocessing = 0;
		};
		6FEA4D002FC97751008E9064 /* Frameworks */ = {
			isa = PBXFrameworksBuildPhase;
			buildActionMask = 2147483647;
			files = (
			);
			runOnlyForDeploymentPostprocessing = 0;
		};
/* End PBXFrameworksBuildPhase section */

/* Begin PBXGroup section */
		6FEA4CE02FC97750008E9064 = {
			isa = PBXGroup;
			children = (
				6FEA4CEB2FC97750008E9064 /* MD-Editor */,
				6FEA4CFC2FC97751008E9064 /* MD-EditorTests */,
				6FEA4D062FC97751008E9064 /* MD-EditorUITests */,
				6FEA4CEA2FC97750008E9064 /* Products */,
			);
			sourceTree = "<group>";
		};
		6FEA4CEA2FC97750008E9064 /* Products */ = {
			isa = PBXGroup;
			children = (
				6FEA4CE92FC97750008E9064 /* MD-Editor.app */,
				6FEA4CF92FC97751008E9064 /* MD-EditorTests.xctest */,
				6FEA4D032FC97751008E9064 /* MD-EditorUITests.xctest */,
			);
			name = Products;
			sourceTree = "<group>";
		};
/* End PBXGroup section */

/* Begin PBXNativeTarget section */
		6FEA4CE82FC97750008E9064 /* MD-Editor */ = {
			isa = PBXNativeTarget;
			buildConfigurationList = 6FEA4D0C2FC97751008E9064 /* Build configuration list for PBXNativeTarget "MD-Editor" */;
			buildPhases = (
				6FEA4CE52FC97750008E9064 /* Sources */,
				6FEA4CE62FC97750008E9064 /* Frameworks */,
				6FEA4CE72FC97750008E9064 /* Resources */,
			);
			buildRules = (
			);
			dependencies = (
			);
			fileSystemSynchronizedGroups = (
				6FEA4CEB2FC97750008E9064 /* MD-Editor */,
			);
			name = "MD-Editor";
			packageProductDependencies = (
			);
			productName = "MD-Editor";
			productReference = 6FEA4CE92FC97750008E9064 /* MD-Editor.app */;
			productType = "com.apple.product-type.application";
		};
		6FEA4CF82FC97751008E9064 /* MD-EditorTests */ = {
			isa = PBXNativeTarget;
			buildConfigurationList = 6FEA4D112FC97751008E9064 /* Build configuration list for PBXNativeTarget "MD-EditorTests" */;
			buildPhases = (
				6FEA4CF52FC97751008E9064 /* Sources */,
				6FEA4CF62FC97751008E9064 /* Frameworks */,
				6FEA4CF72FC97751008E9064 /* Resources */,
			);
			buildRules = (
			);
			dependencies = (
				6FEA4CFB2FC97751008E9064 /* PBXTargetDependency */,
			);
			fileSystemSynchronizedGroups = (
				6FEA4CFC2FC97751008E9064 /* MD-EditorTests */,
			);
			name = "MD-EditorTests";
			packageProductDependencies = (
			);
			productName = "MD-EditorTests";
			productReference = 6FEA4CF92FC97751008E9064 /* MD-EditorTests.xctest */;
			productType = "com.apple.product-type.bundle.unit-test";
		};
		6FEA4D022FC97751008E9064 /* MD-EditorUITests */ = {
			isa = PBXNativeTarget;
			buildConfigurationList = 6FEA4D142FC97751008E9064 /* Build configuration list for PBXNativeTarget "MD-EditorUITests" */;
			buildPhases = (
				6FEA4CFF2FC97751008E9064 /* Sources */,
				6FEA4D002FC97751008E9064 /* Frameworks */,
				6FEA4D012FC97751008E9064 /* Resources */,
			);
			buildRules = (
			);
			dependencies = (
				6FEA4D052FC97751008E9064 /* PBXTargetDependency */,
			);
			fileSystemSynchronizedGroups = (
				6FEA4D062FC97751008E9064 /* MD-EditorUITests */,
			);
			name = "MD-EditorUITests";
			packageProductDependencies = (
			);
			productName = "MD-EditorUITests";
			productReference = 6FEA4D032FC97751008E9064 /* MD-EditorUITests.xctest */;
			productType = "com.apple.product-type.bundle.ui-testing";
		};
/* End PBXNativeTarget section */

/* Begin PBXProject section */
		6FEA4CE12FC97750008E9064 /* Project object */ = {
			isa = PBXProject;
			attributes = {
				BuildIndependentTargetsInParallel = 1;
				LastSwiftUpdateCheck = 2650;
				LastUpgradeCheck = 2650;
				TargetAttributes = {
					6FEA4CE82FC97750008E9064 = {
						CreatedOnToolsVersion = 26.5;
					};
					6FEA4CF82FC97751008E9064 = {
						CreatedOnToolsVersion = 26.5;
						TestTargetID = 6FEA4CE82FC97750008E9064;
					};
					6FEA4D022FC97751008E9064 = {
						CreatedOnToolsVersion = 26.5;
						TestTargetID = 6FEA4CE82FC97750008E9064;
					};
				};
			};
			buildConfigurationList = 6FEA4CE42FC97750008E9064 /* Build configuration list for PBXProject "MD-Editor" */;
			developmentRegion = en;
			hasScannedForEncodings = 0;
			knownRegions = (
				en,
				Base,
			);
			mainGroup = 6FEA4CE02FC97750008E9064;
			minimizedProjectReferenceProxies = 1;
			preferredProjectObjectVersion = 77;
			productRefGroup = 6FEA4CEA2FC97750008E9064 /* Products */;
			projectDirPath = "";
			projectRoot = "";
			targets = (
				6FEA4CE82FC97750008E9064 /* MD-Editor */,
				6FEA4CF82FC97751008E9064 /* MD-EditorTests */,
				6FEA4D022FC97751008E9064 /* MD-EditorUITests */,
			);
		};
/* End PBXProject section */

/* Begin PBXResourcesBuildPhase section */
		6FEA4CE72FC97750008E9064 /* Resources */ = {
			isa = PBXResourcesBuildPhase;
			buildActionMask = 2147483647;
			files = (
			);
			runOnlyForDeploymentPostprocessing = 0;
		};
		6FEA4CF72FC97751008E9064 /* Resources */ = {
			isa = PBXResourcesBuildPhase;
			buildActionMask = 2147483647;
			files = (
			);
			runOnlyForDeploymentPostprocessing = 0;
		};
		6FEA4D012FC97751008E9064 /* Resources */ = {
			isa = PBXResourcesBuildPhase;
			buildActionMask = 2147483647;
			files = (
			);
			runOnlyForDeploymentPostprocessing = 0;
		};
/* End PBXResourcesBuildPhase section */

/* Begin PBXSourcesBuildPhase section */
		6FEA4CE52FC97750008E9064 /* Sources */ = {
			isa = PBXSourcesBuildPhase;
			buildActionMask = 2147483647;
			files = (
			);
			runOnlyForDeploymentPostprocessing = 0;
		};
		6FEA4CF52FC97751008E9064 /* Sources */ = {
			isa = PBXSourcesBuildPhase;
			buildActionMask = 2147483647;
			files = (
			);
			runOnlyForDeploymentPostprocessing = 0;
		};
		6FEA4CFF2FC97751008E9064 /* Sources */ = {
			isa = PBXSourcesBuildPhase;
			buildActionMask = 2147483647;
			files = (
			);
			runOnlyForDeploymentPostprocessing = 0;
		};
/* End PBXSourcesBuildPhase section */

/* Begin PBXTargetDependency section */
		6FEA4CFB2FC97751008E9064 /* PBXTargetDependency */ = {
			isa = PBXTargetDependency;
			target = 6FEA4CE82FC97750008E9064 /* MD-Editor */;
			targetProxy = 6FEA4CFA2FC97751008E9064 /* PBXContainerItemProxy */;
		};
		6FEA4D052FC97751008E9064 /* PBXTargetDependency */ = {
			isa = PBXTargetDependency;
			target = 6FEA4CE82FC97750008E9064 /* MD-Editor */;
			targetProxy = 6FEA4D042FC97751008E9064 /* PBXContainerItemProxy */;
		};
/* End PBXTargetDependency section */

/* Begin XCBuildConfiguration section */
		6FEA4D0D2FC97751008E9064 /* Debug */ = {
			isa = XCBuildConfiguration;
			buildSettings = {
				ASSETCATALOG_COMPILER_APPICON_NAME = AppIcon;
				ASSETCATALOG_COMPILER_GLOBAL_ACCENT_COLOR_NAME = AccentColor;
				CODE_SIGN_STYLE = Automatic;
				COMBINE_HIDPI_IMAGES = YES;
				CURRENT_PROJECT_VERSION = 1;
				ENABLE_APP_SANDBOX = YES;
				ENABLE_PREVIEWS = YES;
				ENABLE_USER_SELECTED_FILES = readwrite;
				GENERATE_INFOPLIST_FILE = YES;
				INFOPLIST_FILE = "MD-Editor/Info.plist";
				INFOPLIST_KEY_CFBundleDisplayName = "MD-Editor";
				INFOPLIST_KEY_NSHumanReadableCopyright = "";
				LD_RUNPATH_SEARCH_PATHS = (
					"$(inherited)",
					"@executable_path/../Frameworks",
				);
				MARKETING_VERSION = 1.0;
				PRODUCT_BUNDLE_IDENTIFIER = "private.MD-Editor";
				PRODUCT_NAME = "$(TARGET_NAME)";
				REGISTER_APP_GROUPS = YES;
				STRING_CATALOG_GENERATE_SYMBOLS = YES;
				SWIFT_APPROACHABLE_CONCURRENCY = YES;
				SWIFT_DEFAULT_ACTOR_ISOLATION = MainActor;
				SWIFT_EMIT_LOC_STRINGS = YES;
				SWIFT_UPCOMING_FEATURE_MEMBER_IMPORT_VISIBILITY = YES;
				SWIFT_VERSION = 5.0;
			};
			name = Debug;
		};
		6FEA4D0E2FC97751008E9064 /* Release */ = {
			isa = XCBuildConfiguration;
			buildSettings = {
				ASSETCATALOG_COMPILER_APPICON_NAME = AppIcon;
				ASSETCATALOG_COMPILER_GLOBAL_ACCENT_COLOR_NAME = AccentColor;
				CODE_SIGN_STYLE = Automatic;
				COMBINE_HIDPI_IMAGES = YES;
				CURRENT_PROJECT_VERSION = 1;
				ENABLE_APP_SANDBOX = YES;
				ENABLE_PREVIEWS = YES;
				ENABLE_USER_SELECTED_FILES = readwrite;
				GENERATE_INFOPLIST_FILE = YES;
				INFOPLIST_FILE = "MD-Editor/Info.plist";
				INFOPLIST_KEY_CFBundleDisplayName = "MD-Editor";
				INFOPLIST_KEY_NSHumanReadableCopyright = "";
				LD_RUNPATH_SEARCH_PATHS = (
					"$(inherited)",
					"@executable_path/../Frameworks",
				);
				MARKETING_VERSION = 1.0;
				PRODUCT_BUNDLE_IDENTIFIER = "private.MD-Editor";
				PRODUCT_NAME = "$(TARGET_NAME)";
				REGISTER_APP_GROUPS = YES;
				STRING_CATALOG_GENERATE_SYMBOLS = YES;
				SWIFT_APPROACHABLE_CONCURRENCY = YES;
				SWIFT_DEFAULT_ACTOR_ISOLATION = MainActor;
				SWIFT_EMIT_LOC_STRINGS = YES;
				SWIFT_UPCOMING_FEATURE_MEMBER_IMPORT_VISIBILITY = YES;
				SWIFT_VERSION = 5.0;
			};
			name = Release;
		};
		6FEA4D0F2FC97751008E9064 /* Debug */ = {
			isa = XCBuildConfiguration;
			buildSettings = {
				ALWAYS_SEARCH_USER_PATHS = NO;
				ASSETCATALOG_COMPILER_GENERATE_SWIFT_ASSET_SYMBOL_EXTENSIONS = YES;
				CLANG_ANALYZER_NONNULL = YES;
				CLANG_ANALYZER_NUMBER_OBJECT_CONVERSION = YES_AGGRESSIVE;
				CLANG_CXX_LANGUAGE_STANDARD = "gnu++20";
				CLANG_ENABLE_MODULES = YES;
				CLANG_ENABLE_OBJC_ARC = YES;
				CLANG_ENABLE_OBJC_WEAK = YES;
				CLANG_WARN_BLOCK_CAPTURE_AUTORELEASING = YES;
				CLANG_WARN_BOOL_CONVERSION = YES;
				CLANG_WARN_COMMA = YES;
				CLANG_WARN_CONSTANT_CONVERSION = YES;
				CLANG_WARN_DEPRECATED_OBJC_IMPLEMENTATIONS = YES;
				CLANG_WARN_DIRECT_OBJC_ISA_USAGE = YES_ERROR;
				CLANG_WARN_DOCUMENTATION_COMMENTS = YES;
				CLANG_WARN_EMPTY_BODY = YES;
				CLANG_WARN_ENUM_CONVERSION = YES;
				CLANG_WARN_INFINITE_RECURSION = YES;
				CLANG_WARN_INT_CONVERSION = YES;
				CLANG_WARN_NON_LITERAL_NULL_CONVERSION = YES;
				CLANG_WARN_OBJC_IMPLICIT_RETAIN_SELF = YES;
				CLANG_WARN_OBJC_LITERAL_CONVERSION = YES;
				CLANG_WARN_OBJC_ROOT_CLASS = YES_ERROR;
				CLANG_WARN_QUOTED_INCLUDE_IN_FRAMEWORK_HEADER = YES;
				CLANG_WARN_RANGE_LOOP_ANALYSIS = YES;
				CLANG_WARN_STRICT_PROTOTYPES = YES;
				CLANG_WARN_SUSPICIOUS_MOVE = YES;
				CLANG_WARN_UNGUARDED_AVAILABILITY = YES_AGGRESSIVE;
				CLANG_WARN_UNREACHABLE_CODE = YES;
				CLANG_WARN__DUPLICATE_METHOD_MATCH = YES;
				COPY_PHASE_STRIP = NO;
				DEBUG_INFORMATION_FORMAT = dwarf;
				ENABLE_STRICT_OBJC_MSGSEND = YES;
				ENABLE_TESTABILITY = YES;
				ENABLE_USER_SCRIPT_SANDBOXING = YES;
				GCC_C_LANGUAGE_STANDARD = gnu17;
				GCC_DYNAMIC_NO_PIC = NO;
				GCC_NO_COMMON_BLOCKS = YES;
				GCC_OPTIMIZATION_LEVEL = 0;
				GCC_PREPROCESSOR_DEFINITIONS = (
					"DEBUG=1",
					"$(inherited)",
				);
				GCC_WARN_64_TO_32_BIT_CONVERSION = YES;
				GCC_WARN_ABOUT_RETURN_TYPE = YES_ERROR;
				GCC_WARN_UNDECLARED_SELECTOR = YES;
				GCC_WARN_UNINITIALIZED_AUTOS = YES_AGGRESSIVE;
				GCC_WARN_UNUSED_FUNCTION = YES;
				GCC_WARN_UNUSED_VARIABLE = YES;
				LOCALIZATION_PREFERS_STRING_CATALOGS = YES;
				MACOSX_DEPLOYMENT_TARGET = 26.5;
				MTL_ENABLE_DEBUG_INFO = INCLUDE_SOURCE;
				MTL_FAST_MATH = YES;
				ONLY_ACTIVE_ARCH = YES;
				SDKROOT = macosx;
				SWIFT_ACTIVE_COMPILATION_CONDITIONS = "DEBUG $(inherited)";
				SWIFT_OPTIMIZATION_LEVEL = "-Onone";
			};
			name = Debug;
		};
		6FEA4D102FC97751008E9064 /* Release */ = {
			isa = XCBuildConfiguration;
			buildSettings = {
				ALWAYS_SEARCH_USER_PATHS = NO;
				ASSETCATALOG_COMPILER_GENERATE_SWIFT_ASSET_SYMBOL_EXTENSIONS = YES;
				CLANG_ANALYZER_NONNULL = YES;
				CLANG_ANALYZER_NUMBER_OBJECT_CONVERSION = YES_AGGRESSIVE;
				CLANG_CXX_LANGUAGE_STANDARD = "gnu++20";
				CLANG_ENABLE_MODULES = YES;
				CLANG_ENABLE_OBJC_ARC = YES;
				CLANG_ENABLE_OBJC_WEAK = YES;
				CLANG_WARN_BLOCK_CAPTURE_AUTORELEASING = YES;
				CLANG_WARN_BOOL_CONVERSION = YES;
				CLANG_WARN_COMMA = YES;
				CLANG_WARN_CONSTANT_CONVERSION = YES;
				CLANG_WARN_DEPRECATED_OBJC_IMPLEMENTATIONS = YES;
				CLANG_WARN_DIRECT_OBJC_ISA_USAGE = YES_ERROR;
				CLANG_WARN_DOCUMENTATION_COMMENTS = YES;
				CLANG_WARN_EMPTY_BODY = YES;
				CLANG_WARN_ENUM_CONVERSION = YES;
				CLANG_WARN_INFINITE_RECURSION = YES;
				CLANG_WARN_INT_CONVERSION = YES;
				CLANG_WARN_NON_LITERAL_NULL_CONVERSION = YES;
				CLANG_WARN_OBJC_IMPLICIT_RETAIN_SELF = YES;
				CLANG_WARN_OBJC_LITERAL_CONVERSION = YES;
				CLANG_WARN_OBJC_ROOT_CLASS = YES_ERROR;
				CLANG_WARN_QUOTED_INCLUDE_IN_FRAMEWORK_HEADER = YES;
				CLANG_WARN_RANGE_LOOP_ANALYSIS = YES;
				CLANG_WARN_STRICT_PROTOTYPES = YES;
				CLANG_WARN_SUSPICIOUS_MOVE = YES;
				CLANG_WARN_UNGUARDED_AVAILABILITY = YES_AGGRESSIVE;
				CLANG_WARN_UNREACHABLE_CODE = YES;
				CLANG_WARN__DUPLICATE_METHOD_MATCH = YES;
				COPY_PHASE_STRIP = NO;
				DEBUG_INFORMATION_FORMAT = "dwarf-with-dsym";
				ENABLE_NS_ASSERTIONS = NO;
				ENABLE_STRICT_OBJC_MSGSEND = YES;
				ENABLE_USER_SCRIPT_SANDBOXING = YES;
				GCC_C_LANGUAGE_STANDARD = gnu17;
				GCC_NO_COMMON_BLOCKS = YES;
				GCC_WARN_64_TO_32_BIT_CONVERSION = YES;
				GCC_WARN_ABOUT_RETURN_TYPE = YES_ERROR;
				GCC_WARN_UNDECLARED_SELECTOR = YES;
				GCC_WARN_UNINITIALIZED_AUTOS = YES_AGGRESSIVE;
				GCC_WARN_UNUSED_FUNCTION = YES;
				GCC_WARN_UNUSED_VARIABLE = YES;
				LOCALIZATION_PREFERS_STRING_CATALOGS = YES;
				MACOSX_DEPLOYMENT_TARGET = 26.5;
				MTL_ENABLE_DEBUG_INFO = NO;
				MTL_FAST_MATH = YES;
				SDKROOT = macosx;
				SWIFT_COMPILATION_MODE = wholemodule;
			};
			name = Release;
		};
		6FEA4D122FC97751008E9064 /* Debug */ = {
			isa = XCBuildConfiguration;
			buildSettings = {
				BUNDLE_LOADER = "$(TEST_HOST)";
				CODE_SIGN_STYLE = Automatic;
				CURRENT_PROJECT_VERSION = 1;
				GENERATE_INFOPLIST_FILE = YES;
				MACOSX_DEPLOYMENT_TARGET = 26.5;
				MARKETING_VERSION = 1.0;
				PRODUCT_BUNDLE_IDENTIFIER = "private.MD-EditorTests";
				PRODUCT_NAME = "$(TARGET_NAME)";
				STRING_CATALOG_GENERATE_SYMBOLS = NO;
				SWIFT_APPROACHABLE_CONCURRENCY = YES;
				SWIFT_EMIT_LOC_STRINGS = NO;
				SWIFT_UPCOMING_FEATURE_MEMBER_IMPORT_VISIBILITY = YES;
				SWIFT_VERSION = 5.0;
				TEST_HOST = "$(BUILT_PRODUCTS_DIR)/MD-Editor.app/$(BUNDLE_EXECUTABLE_FOLDER_PATH)/MD-Editor";
			};
			name = Debug;
		};
		6FEA4D132FC97751008E9064 /* Release */ = {
			isa = XCBuildConfiguration;
			buildSettings = {
				BUNDLE_LOADER = "$(TEST_HOST)";
				CODE_SIGN_STYLE = Automatic;
				CURRENT_PROJECT_VERSION = 1;
				GENERATE_INFOPLIST_FILE = YES;
				MACOSX_DEPLOYMENT_TARGET = 26.5;
				MARKETING_VERSION = 1.0;
				PRODUCT_BUNDLE_IDENTIFIER = "private.MD-EditorTests";
				PRODUCT_NAME = "$(TARGET_NAME)";
				STRING_CATALOG_GENERATE_SYMBOLS = NO;
				SWIFT_APPROACHABLE_CONCURRENCY = YES;
				SWIFT_EMIT_LOC_STRINGS = NO;
				SWIFT_UPCOMING_FEATURE_MEMBER_IMPORT_VISIBILITY = YES;
				SWIFT_VERSION = 5.0;
				TEST_HOST = "$(BUILT_PRODUCTS_DIR)/MD-Editor.app/$(BUNDLE_EXECUTABLE_FOLDER_PATH)/MD-Editor";
			};
			name = Release;
		};
		6FEA4D152FC97751008E9064 /* Debug */ = {
			isa = XCBuildConfiguration;
			buildSettings = {
				CODE_SIGN_STYLE = Automatic;
				CURRENT_PROJECT_VERSION = 1;
				GENERATE_INFOPLIST_FILE = YES;
				MARKETING_VERSION = 1.0;
				PRODUCT_BUNDLE_IDENTIFIER = "private.MD-EditorUITests";
				PRODUCT_NAME = "$(TARGET_NAME)";
				STRING_CATALOG_GENERATE_SYMBOLS = NO;
				SWIFT_APPROACHABLE_CONCURRENCY = YES;
				SWIFT_EMIT_LOC_STRINGS = NO;
				SWIFT_UPCOMING_FEATURE_MEMBER_IMPORT_VISIBILITY = YES;
				SWIFT_VERSION = 5.0;
				TEST_TARGET_NAME = "MD-Editor";
			};
			name = Debug;
		};
		6FEA4D162FC97751008E9064 /* Release */ = {
			isa = XCBuildConfiguration;
			buildSettings = {
				CODE_SIGN_STYLE = Automatic;
				CURRENT_PROJECT_VERSION = 1;
				GENERATE_INFOPLIST_FILE = YES;
				MARKETING_VERSION = 1.0;
				PRODUCT_BUNDLE_IDENTIFIER = "private.MD-EditorUITests";
				PRODUCT_NAME = "$(TARGET_NAME)";
				STRING_CATALOG_GENERATE_SYMBOLS = NO;
				SWIFT_APPROACHABLE_CONCURRENCY = YES;
				SWIFT_EMIT_LOC_STRINGS = NO;
				SWIFT_UPCOMING_FEATURE_MEMBER_IMPORT_VISIBILITY = YES;
				SWIFT_VERSION = 5.0;
				TEST_TARGET_NAME = "MD-Editor";
			};
			name = Release;
		};
/* End XCBuildConfiguration section */

/* Begin XCConfigurationList section */
		6FEA4CE42FC97750008E9064 /* Build configuration list for PBXProject "MD-Editor" */ = {
			isa = XCConfigurationList;
			buildConfigurations = (
				6FEA4D0F2FC97751008E9064 /* Debug */,
				6FEA4D102FC97751008E9064 /* Release */,
			);
			defaultConfigurationIsVisible = 0;
			defaultConfigurationName = Release;
		};
		6FEA4D0C2FC97751008E9064 /* Build configuration list for PBXNativeTarget "MD-Editor" */ = {
			isa = XCConfigurationList;
			buildConfigurations = (
				6FEA4D0D2FC97751008E9064 /* Debug */,
				6FEA4D0E2FC97751008E9064 /* Release */,
			);
			defaultConfigurationIsVisible = 0;
			defaultConfigurationName = Release;
		};
		6FEA4D112FC97751008E9064 /* Build configuration list for PBXNativeTarget "MD-EditorTests" */ = {
			isa = XCConfigurationList;
			buildConfigurations = (
				6FEA4D122FC97751008E9064 /* Debug */,
				6FEA4D132FC97751008E9064 /* Release */,
			);
			defaultConfigurationIsVisible = 0;
			defaultConfigurationName = Release;
		};
		6FEA4D142FC97751008E9064 /* Build configuration list for PBXNativeTarget "MD-EditorUITests" */ = {
			isa = XCConfigurationList;
			buildConfigurations = (
				6FEA4D152FC97751008E9064 /* Debug */,
				6FEA4D162FC97751008E9064 /* Release */,
			);
			defaultConfigurationIsVisible = 0;
			defaultConfigurationName = Release;
		};
/* End XCConfigurationList section */
	};
	rootObject = 6FEA4CE12FC97750008E9064 /* Project object */;
}
